
Microsoft Visual Studio Solution File, Format Version 12.00
# Visual Studio 15
VisualStudioVersion = 15.0.28010.2016
MinimumVisualStudioVersion = 10.0.40219.1
Project("{FAE04EC0-301F-11D3-BF4B-00C04F79EFBC}") = "Projekt Front End", "Projekt Front End\Projekt Front End.csproj", "{C92398CF-3558-4031-AA6F-5E91A0F7099A}"
EndProject
Global
	GlobalSection(SolutionConfigurationPlatforms) = preSolution
		Debug|Any CPU = Debug|Any CPU
		Release|Any CPU = Release|Any CPU
	EndGlobalSection
	GlobalSection(ProjectConfigurationPlatforms) = postSolution
		{C92398CF-3558-4031-AA6F-5E91A0F7099A}.Debug|Any CPU.ActiveCfg = Debug|Any CPU
		{C92398CF-3558-4031-AA6F-5E91A0F7099A}.Debug|Any CPU.Build.0 = Debug|Any CPU
		{C92398CF-3558-4031-AA6F-5E91A0F7099A}.Release|Any CPU.ActiveCfg = Release|Any CPU
		{C92398CF-3558-4031-AA6F-5E91A0F7099A}.Release|Any CPU.Build.0 = Release|Any CPU
	EndGlobalSection
	GlobalSection(SolutionProperties) = preSolution
		HideSolutionNode = FALSE
	EndGlobalSection
	GlobalSection(ExtensibilityGlobals) = postSolution
		SolutionGuid = {E3703C35-72BF-4E2F-8D4C-FB5801C3EFB7}
	EndGlobalSection
EndGlobal
